// !$*UTF8*$!
{
	archiveVersion = 1;
	classes = {
	};
	objectVersion = 50;
	objects = {

/* Begin PBXBuildFile section */
		9B9F9C4F24DE3A7E00D3AA05 /* AppDelegate.swift in Sources */ = {isa = PBXBuildFile; fileRef = 9B9F9C4E24DE3A7E00D3AA05 /* AppDelegate.swift */; };
		9B9F9C5124DE3A7E00D3AA05 /* SceneDelegate.swift in Sources */ = {isa = PBXBuildFile; fileRef = 9B9F9C5024DE3A7E00D3AA05 /* SceneDelegate.swift */; };
		9B9F9C5324DE3A7E00D3AA05 /* ViewController.swift in Sources */ = {isa = PBXBuildFile; fileRef = 9B9F9C5224DE3A7E00D3AA05 /* ViewController.swift */; };
		9B9F9C5624DE3A7E00D3AA05 /* Main.storyboard in Resources */ = {isa = PBXBuildFile; fileRef = 9B9F9C5424DE3A7E00D3AA05 /* Main.storyboard */; };
		9B9F9C5824DE3A8200D3AA05 /* Assets.xcassets in Resources */ = {isa = PBXBuildFile; fileRef = 9B9F9C5724DE3A8200D3AA05 /* Assets.xcassets */; };
		9B9F9C5B24DE3A8200D3AA05 /* LaunchScreen.storyboard in Resources */ = {isa = PBXBuildFile; fileRef = 9B9F9C5924DE3A8200D3AA05 /* LaunchScreen.storyboard */; };
		9B9F9C6624DE3A8200D3AA05 /* PrimeNumberTests.swift in Sources */ = {isa = PBXBuildFile; fileRef = 9B9F9C6524DE3A8200D3AA05 /* PrimeNumberTests.swift */; };
/* End PBXBuildFile section */

/* Begin PBXContainerItemProxy section */
		9B9F9C6224DE3A8200D3AA05 /* PBXContainerItemProxy */ = {
			isa = PBXContainerItemProxy;
			containerPortal = 9B9F9C4324DE3A7E00D3AA05 /* Project object */;
			proxyType = 1;
			remoteGlobalIDString = 9B9F9C4A24DE3A7E00D3AA05;
			remoteInfo = PrimeNumber;
		};
/* End PBXContainerItemProxy section */

/* Begin PBXFileReference section */
		9B9F9C4B24DE3A7E00D3AA05 /* PrimeNumber.app */ = {isa = PBXFileReference; explicitFileType = wrapper.application; includeInIndex = 0; path = PrimeNumber.app; sourceTree = BUILT_PRODUCTS_DIR; };
		9B9F9C4E24DE3A7E00D3AA05 /* AppDelegate.swift */ = {isa = PBXFileReference; lastKnownFileType = sourcecode.swift; path = AppDelegate.swift; sourceTree = "<group>"; };
		9B9F9C5024DE3A7E00D3AA05 /* SceneDelegate.swift */ = {isa = PBXFileReference; lastKnownFileType = sourcecode.swift; path = SceneDelegate.swift; sourceTree = "<group>"; };
		9B9F9C5224DE3A7E00D3AA05 /* ViewController.swift */ = {isa = PBXFileReference; lastKnownFileType = sourcecode.swift; path = ViewController.swift; sourceTree = "<group>"; };
		9B9F9C5524DE3A7E00D3AA05 /* Base */ = {isa = PBXFileReference; lastKnownFileType = file.storyboard; name = Base; path = Base.lproj/Main.storyboard; sourceTree = "<group>"; };
		9B9F9C5724DE3A8200D3AA05 /* Assets.xcassets */ = {isa = PBXFileReference; lastKnownFileType = folder.assetcatalog; path = Assets.xcassets; sourceTree = "<group>"; };
		9B9F9C5A24DE3A8200D3AA05 /* Base */ = {isa = PBXFileReference; lastKnownFileType = file.storyboard; name = Base; path = Base.lproj/LaunchScreen.storyboard; sourceTree = "<group>"; };
		9B9F9C5C24DE3A8200D3AA05 /* Info.plist */ = {isa = PBXFileReference; lastKnownFileType = text.plist.xml; path = Info.plist; sourceTree = "<group>"; };
		9B9F9C6124DE3A8200D3AA05 /* PrimeNumberTests.xctest */ = {isa = PBXFileReference; explicitFileType = wrapper.cfbundle; includeInIndex = 0; path = PrimeNumberTests.xctest; sourceTree = BUILT_PRODUCTS_DIR; };
		9B9F9C6524DE3A8200D3AA05 /* PrimeNumberTests.swift */ = {isa = PBXFileReference; lastKnownFileType = sourcecode.swift; path = PrimeNumberTests.swift; sourceTree = "<group>"; };
		9B9F9C6724DE3A8200D3AA05 /* Info.plist */ = {isa = PBXFileReference; lastKnownFileType = text.plist.xml; path = Info.plist; sourceTree = "<group>"; };
/* End PBXFileReference section */

/* Begin PBXFrameworksBuildPhase section */
		9B9F9C4824DE3A7E00D3AA05 /* Frameworks */ = {
			isa = PBXFrameworksBuildPhase;
			buildActionMask = 2147483647;
			files = (
			);
			runOnlyForDeploymentPostprocessing = 0;
		};
		9B9F9C5E24DE3A8200D3AA05 /* Frameworks */ = {
			isa = PBXFrameworksBuildPhase;
			buildActionMask = 2147483647;
			files = (
			);
			runOnlyForDeploymentPostprocessing = 0;
		};
/* End PBXFrameworksBuildPhase section */

/* Begin PBXGroup section */
		9B9F9C4224DE3A7E00D3AA05 = {
			isa = PBXGroup;
			children = (
				9B9F9C4D24DE3A7E00D3AA05 /* PrimeNumber */,
				9B9F9C6424DE3A8200D3AA05 /* PrimeNumberTests */,
				9B9F9C4C24DE3A7E00D3AA05 /* Products */,
			);
			sourceTree = "<group>";
		};
		9B9F9C4C24DE3A7E00D3AA05 /* Products */ = {
			isa = PBXGroup;
			children = (
				9B9F9C4B24DE3A7E00D3AA05 /* PrimeNumber.app */,
				9B9F9C6124DE3A8200D3AA05 /* PrimeNumberTests.xctest */,
			);
			name = Products;
			sourceTree = "<group>";
		};
		9B9F9C4D24DE3A7E00D3AA05 /* PrimeNumber */ = {
			isa = PBXGroup;
			children = (
				9B9F9C4E24DE3A7E00D3AA05 /* AppDelegate.swift */,
				9B9F9C5024DE3A7E00D3AA05 /* SceneDelegate.swift */,
				9B9F9C5724DE3A8200D3AA05 /* Assets.xcassets */,
				9B9F9C5C24DE3A8200D3AA05 /* Info.plist */,
				9B9F9C7024DE871C00D3AA05 /* View */,
				9B9F9C7124DE875600D3AA05 /* Controller */,
			);
			path = PrimeNumber;
			sourceTree = "<group>";
		};
		9B9F9C6424DE3A8200D3AA05 /* PrimeNumberTests */ = {
			isa = PBXGroup;
			children = (
				9B9F9C6524DE3A8200D3AA05 /* PrimeNumberTests.swift */,
				9B9F9C6724DE3A8200D3AA05 /* Info.plist */,
			);
			path = PrimeNumberTests;
			sourceTree = "<group>";
		};
		9B9F9C7024DE871C00D3AA05 /* View */ = {
			isa = PBXGroup;
			children = (
				9B9F9C5924DE3A8200D3AA05 /* LaunchScreen.storyboard */,
				9B9F9C5424DE3A7E00D3AA05 /* Main.storyboard */,
				9B9F9C5224DE3A7E00D3AA05 /* ViewController.swift */,
			);
			path = View;
			sourceTree = "<group>";
		};
		9B9F9C7124DE875600D3AA05 /* Controller */ = {
			isa = PBXGroup;
			children = (
			);
			path = Controller;
			sourceTree = "<group>";
		};
/* End PBXGroup section */

/* Begin PBXNativeTarget section */
		9B9F9C4A24DE3A7E00D3AA05 /* PrimeNumber */ = {
			isa = PBXNativeTarget;
			buildConfigurationList = 9B9F9C6A24DE3A8200D3AA05 /* Build configuration list for PBXNativeTarget "PrimeNumber" */;
			buildPhases = (
				9B9F9C4724DE3A7E00D3AA05 /* Sources */,
				9B9F9C4824DE3A7E00D3AA05 /* Frameworks */,
				9B9F9C4924DE3A7E00D3AA05 /* Resources */,
			);
			buildRules = (
			);
			dependencies = (
			);
			name = PrimeNumber;
			productName = PrimeNumber;
			productReference = 9B9F9C4B24DE3A7E00D3AA05 /* PrimeNumber.app */;
			productType = "com.apple.product-type.application";
		};
		9B9F9C6024DE3A8200D3AA05 /* PrimeNumberTests */ = {
			isa = PBXNativeTarget;
			buildConfigurationList = 9B9F9C6D24DE3A8200D3AA05 /* Build configuration list for PBXNativeTarget "PrimeNumberTests" */;
			buildPhases = (
				9B9F9C5D24DE3A8200D3AA05 /* Sources */,
				9B9F9C5E24DE3A8200D3AA05 /* Frameworks */,
				9B9F9C5F24DE3A8200D3AA05 /* Resources */,
			);
			buildRules = (
			);
			dependencies = (
				9B9F9C6324DE3A8200D3AA05 /* PBXTargetDependency */,
			);
			name = PrimeNumberTests;
			productName = PrimeNumberTests;
			productReference = 9B9F9C6124DE3A8200D3AA05 /* PrimeNumberTests.xctest */;
			productType = "com.apple.product-type.bundle.unit-test";
		};
/* End PBXNativeTarget section */

/* Begin PBXProject section */
		9B9F9C4324DE3A7E00D3AA05 /* Project object */ = {
			isa = PBXProject;
			attributes = {
				LastSwiftUpdateCheck = 1150;
				LastUpgradeCheck = 1150;
				ORGANIZATIONNAME = Cloud.Ju;
				TargetAttributes = {
					9B9F9C4A24DE3A7E00D3AA05 = {
						CreatedOnToolsVersion = 11.5;
					};
					9B9F9C6024DE3A8200D3AA05 = {
						CreatedOnToolsVersion = 11.5;
						TestTargetID = 9B9F9C4A24DE3A7E00D3AA05;
					};
				};
			};
			buildConfigurationList = 9B9F9C4624DE3A7E00D3AA05 /* Build configuration list for PBXProject "PrimeNumber" */;
			compatibilityVersion = "Xcode 9.3";
			developmentRegion = en;
			hasScannedForEncodings = 0;
			knownRegions = (
				en,
				Base,
			);
			mainGroup = 9B9F9C4224DE3A7E00D3AA05;
			productRefGroup = 9B9F9C4C24DE3A7E00D3AA05 /* Products */;
			projectDirPath = "";
			projectRoot = "";
			targets = (
				9B9F9C4A24DE3A7E00D3AA05 /* PrimeNumber */,
				9B9F9C6024DE3A8200D3AA05 /* PrimeNumberTests */,
			);
		};
/* End PBXProject section */

/* Begin PBXResourcesBuildPhase section */
		9B9F9C4924DE3A7E00D3AA05 /* Resources */ = {
			isa = PBXResourcesBuildPhase;
			buildActionMask = 2147483647;
			files = (
				9B9F9C5B24DE3A8200D3AA05 /* LaunchScreen.storyboard in Resources */,
				9B9F9C5824DE3A8200D3AA05 /* Assets.xcassets in Resources */,
				9B9F9C5624DE3A7E00D3AA05 /* Main.storyboard in Resources */,
			);
			runOnlyForDeploymentPostprocessing = 0;
		};
		9B9F9C5F24DE3A8200D3AA05 /* Resources */ = {
			isa = PBXResourcesBuildPhase;
			buildActionMask = 2147483647;
			files = (
			);
			runOnlyForDeploymentPostprocessing = 0;
		};
/* End PBXResourcesBuildPhase section */

/* Begin PBXSourcesBuildPhase section */
		9B9F9C4724DE3A7E00D3AA05 /* Sources */ = {
			isa = PBXSourcesBuildPhase;
			buildActionMask = 2147483647;
			files = (
				9B9F9C5324DE3A7E00D3AA05 /* ViewController.swift in Sources */,
				9B9F9C4F24DE3A7E00D3AA05 /* AppDelegate.swift in Sources */,
				9B9F9C5124DE3A7E00D3AA05 /* SceneDelegate.swift in Sources */,
			);
			runOnlyForDeploymentPostprocessing = 0;
		};
		9B9F9C5D24DE3A8200D3AA05 /* Sources */ = {
			isa = PBXSourcesBuildPhase;
			buildActionMask = 2147483647;
			files = (
				9B9F9C6624DE3A8200D3AA05 /* PrimeNumberTests.swift in Sources */,
			);
			runOnlyForDeploymentPostprocessing = 0;
		};
/* End PBXSourcesBuildPhase section */

/* Begin PBXTargetDependency section */
		9B9F9C6324DE3A8200D3AA05 /* PBXTargetDependency */ = {
			isa = PBXTargetDependency;
			target = 9B9F9C4A24DE3A7E00D3AA05 /* PrimeNumber */;
			targetProxy = 9B9F9C6224DE3A8200D3AA05 /* PBXContainerItemProxy */;
		};
/* End PBXTargetDependency section */

/* Begin PBXVariantGroup section */
		9B9F9C5424DE3A7E00D3AA05 /* Main.storyboard */ = {
			isa = PBXVariantGroup;
			children = (
				9B9F9C5524DE3A7E00D3AA05 /* Base */,
			);
			name = Main.storyboard;
			sourceTree = "<group>";
		};
		9B9F9C5924DE3A8200D3AA05 /* LaunchScreen.storyboard */ = {
			isa = PBXVariantGroup;
			children = (
				9B9F9C5A24DE3A8200D3AA05 /* Base */,
			);
			name = LaunchScreen.storyboard;
			sourceTree = "<group>";
		};
/* End PBXVariantGroup section */

/* Begin XCBuildConfiguration section */
		9B9F9C6824DE3A8200D3AA05 /* Debug */ = {
			isa = XCBuildConfiguration;
			buildSettings = {
				ALWAYS_SEARCH_USER_PATHS = NO;
				CLANG_ANALYZER_NONNULL = YES;
				CLANG_ANALYZER_NUMBER_OBJECT_CONVERSION = YES_AGGRESSIVE;
				CLANG_CXX_LANGUAGE_STANDARD = "gnu++14";
				CLANG_CXX_LIBRARY = "libc++";
				CLANG_ENABLE_MODULES = YES;
				CLANG_ENABLE_OBJC_ARC = YES;
				CLANG_ENABLE_OBJC_WEAK = YES;
				CLANG_WARN_BLOCK_CAPTURE_AUTORELEASING = YES;
				CLANG_WARN_BOOL_CONVERSION = YES;
				CLANG_WARN_COMMA = YES;
				CLANG_WARN_CONSTANT_CONVERSION = YES;
				CLANG_WARN_DEPRECATED_OBJC_IMPLEMENTATIONS = YES;
				CLANG_WARN_DIRECT_OBJC_ISA_USAGE = YES_ERROR;
				CLANG_WARN_DOCUMENTATION_COMMENTS = YES;
				CLANG_WARN_EMPTY_BODY = YES;
				CLANG_WARN_ENUM_CONVERSION = YES;
				CLANG_WARN_INFINITE_RECURSION = YES;
				CLANG_WARN_INT_CONVERSION = YES;
				CLANG_WARN_NON_LITERAL_NULL_CONVERSION = YES;
				CLANG_WARN_OBJC_IMPLICIT_RETAIN_SELF = YES;
				CLANG_WARN_OBJC_LITERAL_CONVERSION = YES;
				CLANG_WARN_OBJC_ROOT_CLASS = YES_ERROR;
				CLANG_WARN_RANGE_LOOP_ANALYSIS = YES;
				CLANG_WARN_STRICT_PROTOTYPES = YES;
				CLANG_WARN_SUSPICIOUS_MOVE = YES;
				CLANG_WARN_UNGUARDED_AVAILABILITY = YES_AGGRESSIVE;
				CLANG_WARN_UNREACHABLE_CODE = YES;
				CLANG_WARN__DUPLICATE_METHOD_MATCH = YES;
				COPY_PHASE_STRIP = NO;
				DEBUG_INFORMATION_FORMAT = dwarf;
				ENABLE_STRICT_OBJC_MSGSEND = YES;
				ENABLE_TESTABILITY = YES;
				GCC_C_LANGUAGE_STANDARD = gnu11;
				GCC_DYNAMIC_NO_PIC = NO;
				GCC_NO_COMMON_BLOCKS = YES;
				GCC_OPTIMIZATION_LEVEL = 0;
				GCC_PREPROCESSOR_DEFINITIONS = (
					"DEBUG=1",
					"$(inherited)",
				);
				GCC_WARN_64_TO_32_BIT_CONVERSION = YES;
				GCC_WARN_ABOUT_RETURN_TYPE = YES_ERROR;
				GCC_WARN_UNDECLARED_SELECTOR = YES;
				GCC_WARN_UNINITIALIZED_AUTOS = YES_AGGRESSIVE;
				GCC_WARN_UNUSED_FUNCTION = YES;
				GCC_WARN_UNUSED_VARIABLE = YES;
				IPHONEOS_DEPLOYMENT_TARGET = 13.5;
				MTL_ENABLE_DEBUG_INFO = INCLUDE_SOURCE;
				MTL_FAST_MATH = YES;
				ONLY_ACTIVE_ARCH = YES;
				SDKROOT = iphoneos;
				SWIFT_ACTIVE_COMPILATION_CONDITIONS = DEBUG;
				SWIFT_OPTIMIZATION_LEVEL = "-Onone";
			};
			name = Debug;
		};
		9B9F9C6924DE3A8200D3AA05 /* Release */ = {
			isa = XCBuildConfiguration;
			buildSettings = {
				ALWAYS_SEARCH_USER_PATHS = NO;
				CLANG_ANALYZER_NONNULL = YES;
				CLANG_ANALYZER_NUMBER_OBJECT_CONVERSION = YES_AGGRESSIVE;
				CLANG_CXX_LANGUAGE_STANDARD = "gnu++14";
				CLANG_CXX_LIBRARY = "libc++";
				CLANG_ENABLE_MODULES = YES;
				CLANG_ENABLE_OBJC_ARC = YES;
				CLANG_ENABLE_OBJC_WEAK = YES;
				CLANG_WARN_BLOCK_CAPTURE_AUTORELEASING = YES;
				CLANG_WARN_BOOL_CONVERSION = YES;
				CLANG_WARN_COMMA = YES;
				CLANG_WARN_CONSTANT_CONVERSION = YES;
				CLANG_WARN_DEPRECATED_OBJC_IMPLEMENTATIONS = YES;
				CLANG_WARN_DIRECT_OBJC_ISA_USAGE = YES_ERROR;
				CLANG_WARN_DOCUMENTATION_COMMENTS = YES;
				CLANG_WARN_EMPTY_BODY = YES;
				CLANG_WARN_ENUM_CONVERSION = YES;
				CLANG_WARN_INFINITE_RECURSION = YES;
				CLANG_WARN_INT_CONVERSION = YES;
				CLANG_WARN_NON_LITERAL_NULL_CONVERSION = YES;
				CLANG_WARN_OBJC_IMPLICIT_RETAIN_SELF = YES;
				CLANG_WARN_OBJC_LITERAL_CONVERSION = YES;
				CLANG_WARN_OBJC_ROOT_CLASS = YES_ERROR;
				CLANG_WARN_RANGE_LOOP_ANALYSIS = YES;
				CLANG_WARN_STRICT_PROTOTYPES = YES;
				CLANG_WARN_SUSPICIOUS_MOVE = YES;
				CLANG_WARN_UNGUARDED_AVAILABILITY = YES_AGGRESSIVE;
				CLANG_WARN_UNREACHABLE_CODE = YES;
				CLANG_WARN__DUPLICATE_METHOD_MATCH = YES;
				COPY_PHASE_STRIP = NO;
				DEBUG_INFORMATION_FORMAT = "dwarf-with-dsym";
				ENABLE_NS_ASSERTIONS = NO;
				ENABLE_STRICT_OBJC_MSGSEND = YES;
				GCC_C_LANGUAGE_STANDARD = gnu11;
				GCC_NO_COMMON_BLOCKS = YES;
				GCC_WARN_64_TO_32_BIT_CONVERSION = YES;
				GCC_WARN_ABOUT_RETURN_TYPE = YES_ERROR;
				GCC_WARN_UNDECLARED_SELECTOR = YES;
				GCC_WARN_UNINITIALIZED_AUTOS = YES_AGGRESSIVE;
				GCC_WARN_UNUSED_FUNCTION = YES;
				GCC_WARN_UNUSED_VARIABLE = YES;
				IPHONEOS_DEPLOYMENT_TARGET = 13.5;
				MTL_ENABLE_DEBUG_INFO = NO;
				MTL_FAST_MATH = YES;
				SDKROOT = iphoneos;
				SWIFT_COMPILATION_MODE = wholemodule;
				SWIFT_OPTIMIZATION_LEVEL = "-O";
				VALIDATE_PRODUCT = YES;
			};
			name = Release;
		};
		9B9F9C6B24DE3A8200D3AA05 /* Debug */ = {
			isa = XCBuildConfiguration;
			buildSettings = {
				ASSETCATALOG_COMPILER_APPICON_NAME = AppIcon;
				CODE_SIGN_STYLE = Automatic;
				DEVELOPMENT_TEAM = C2A4267SKZ;
				INFOPLIST_FILE = PrimeNumber/Info.plist;
				LD_RUNPATH_SEARCH_PATHS = (
					"$(inherited)",
					"@executable_path/Frameworks",
				);
				PRODUCT_BUNDLE_IDENTIFIER = com.cloudju.PrimeNumber;
				PRODUCT_NAME = "$(TARGET_NAME)";
				SWIFT_VERSION = 5.0;
				TARGETED_DEVICE_FAMILY = "1,2";
			};
			name = Debug;
		};
		9B9F9C6C24DE3A8200D3AA05 /* Release */ = {
			isa = XCBuildConfiguration;
			buildSettings = {
				ASSETCATALOG_COMPILER_APPICON_NAME = AppIcon;
				CODE_SIGN_STYLE = Automatic;
				DEVELOPMENT_TEAM = C2A4267SKZ;
				INFOPLIST_FILE = PrimeNumber/Info.plist;
				LD_RUNPATH_SEARCH_PATHS = (
					"$(inherited)",
					"@executable_path/Frameworks",
				);
				PRODUCT_BUNDLE_IDENTIFIER = com.cloudju.PrimeNumber;
				PRODUCT_NAME = "$(TARGET_NAME)";
				SWIFT_VERSION = 5.0;
				TARGETED_DEVICE_FAMILY = "1,2";
			};
			name = Release;
		};
		9B9F9C6E24DE3A8200D3AA05 /* Debug */ = {
			isa = XCBuildConfiguration;
			buildSettings = {
				ALWAYS_EMBED_SWIFT_STANDARD_LIBRARIES = YES;
				BUNDLE_LOADER = "$(TEST_HOST)";
				CODE_SIGN_STYLE = Automatic;
				DEVELOPMENT_TEAM = C2A4267SKZ;
				INFOPLIST_FILE = PrimeNumberTests/Info.plist;
				IPHONEOS_DEPLOYMENT_TARGET = 13.5;
				LD_RUNPATH_SEARCH_PATHS = (
					"$(inherited)",
					"@executable_path/Frameworks",
					"@loader_path/Frameworks",
				);
				PRODUCT_BUNDLE_IDENTIFIER = com.cloudju.PrimeNumberTests;
				PRODUCT_NAME = "$(TARGET_NAME)";
				SWIFT_VERSION = 5.0;
				TARGETED_DEVICE_FAMILY = "1,2";
				TEST_HOST = "$(BUILT_PRODUCTS_DIR)/PrimeNumber.app/PrimeNumber";
			};
			name = Debug;
		};
		9B9F9C6F24DE3A8200D3AA05 /* Release */ = {
			isa = XCBuildConfiguration;
			buildSettings = {
				ALWAYS_EMBED_SWIFT_STANDARD_LIBRARIES = YES;
				BUNDLE_LOADER = "$(TEST_HOST)";
				CODE_SIGN_STYLE = Automatic;
				DEVELOPMENT_TEAM = C2A4267SKZ;
				INFOPLIST_FILE = PrimeNumberTests/Info.plist;
				IPHONEOS_DEPLOYMENT_TARGET = 13.5;
				LD_RUNPATH_SEARCH_PATHS = (
					"$(inherited)",
					"@executable_path/Frameworks",
					"@loader_path/Frameworks",
				);
				PRODUCT_BUNDLE_IDENTIFIER = com.cloudju.PrimeNumberTests;
				PRODUCT_NAME = "$(TARGET_NAME)";
				SWIFT_VERSION = 5.0;
				TARGETED_DEVICE_FAMILY = "1,2";
				TEST_HOST = "$(BUILT_PRODUCTS_DIR)/PrimeNumber.app/PrimeNumber";
			};
			name = Release;
		};
/* End XCBuildConfiguration section */

/* Begin XCConfigurationList section */
		9B9F9C4624DE3A7E00D3AA05 /* Build configuration list for PBXProject "PrimeNumber" */ = {
			isa = XCConfigurationList;
			buildConfigurations = (
				9B9F9C6824DE3A8200D3AA05 /* Debug */,
				9B9F9C6924DE3A8200D3AA05 /* Release */,
			);
			defaultConfigurationIsVisible = 0;
			defaultConfigurationName = Release;
		};
		9B9F9C6A24DE3A8200D3AA05 /* Build configuration list for PBXNativeTarget "PrimeNumber" */ = {
			isa = XCConfigurationList;
			buildConfigurations = (
				9B9F9C6B24DE3A8200D3AA05 /* Debug */,
				9B9F9C6C24DE3A8200D3AA05 /* Release */,
			);
			defaultConfigurationIsVisible = 0;
			defaultConfigurationName = Release;
		};
		9B9F9C6D24DE3A8200D3AA05 /* Build configuration list for PBXNativeTarget "PrimeNumberTests" */ = {
			isa = XCConfigurationList;
			buildConfigurations = (
				9B9F9C6E24DE3A8200D3AA05 /* Debug */,
				9B9F9C6F24DE3A8200D3AA05 /* Release */,
			);
			defaultConfigurationIsVisible = 0;
			defaultConfigurationName = Release;
		};
/* End XCConfigurationList section */
	};
	rootObject = 9B9F9C4324DE3A7E00D3AA05 /* Project object */;
}
